{
    "_meta": {
        "hash": {
            "sha256": "7ecce0d5d5e3e02b437779a9f66fccca570c42d20d34b6eef7cd0267382d5576"
        },
        "pipfile-spec": 6,
        "requires": {
            "python_version": "3.9"
        },
        "sources": [
            {
                "name": "pypi",
                "url": "https://pypi.org/simple",
                "verify_ssl": true
            }
        ]
    },
    "default": {
        "click": {
            "hashes": [
                "sha256:7682dc8afb30297001674575ea00d1814d808d6a36af415a82bd481d37ba7b8e",
                "sha256:bb4d8133cb15a609f44e8213d9b391b0809795062913b383c62be0ee95b1db48"
            ],
            "markers": "python_version >= '3.7'",
            "version": "==8.1.3"
        },
        "pyppyn": {
            "hashes": [
                "sha256:1464ba0425dba5c14935a4635036b9dcdddd9b7c30421bfe17f58249a4c6abff",
                "sha256:ef7fdeff35e79a48701574dcd8415131634157dc3182fa7cce536fa646aa99f7"
            ],
            "index": "pypi",
            "version": "==0.5.0"
        }
    },
    "develop": {}
}
